
Microsoft Visual Studio Solution File, Format Version 12.00
# Visual Studio Version 16
VisualStudioVersion = 16.0.31005.135
MinimumVisualStudioVersion = 10.0.40219.1
Project("{9A19103F-16F7-4668-BE54-9A1E7A4F7556}") = "ActiveWin", "ActiveWin\ActiveWin.csproj", "{529550FE-32B0-4AB3-9A89-DF4A539F0421}"
EndProject
Project("{9A19103F-16F7-4668-BE54-9A1E7A4F7556}") = "ActiveWin.Data", "ActiveWin.Data\ActiveWin.Data.csproj", "{55F04F40-D263-43F7-ABEA-9110182C8419}"
EndProject
Project("{9A19103F-16F7-4668-BE54-9A1E7A4F7556}") = "ActiveWin.Shared", "ActiveWin.Shared\ActiveWin.Shared.csproj", "{33125597-8082-4BEC-B3BA-6DD7D7BDAC7B}"
EndProject
Global
	GlobalSection(SolutionConfigurationPlatforms) = preSolution
		Debug|Any CPU = Debug|Any CPU
		Release|Any CPU = Release|Any CPU
	EndGlobalSection
	GlobalSection(ProjectConfigurationPlatforms) = postSolution
		{529550FE-32B0-4AB3-9A89-DF4A539F0421}.Debug|Any CPU.ActiveCfg = Debug|Any CPU
		{529550FE-32B0-4AB3-9A89-DF4A539F0421}.Debug|Any CPU.Build.0 = Debug|Any CPU
		{529550FE-32B0-4AB3-9A89-DF4A539F0421}.Release|Any CPU.ActiveCfg = Release|Any CPU
		{529550FE-32B0-4AB3-9A89-DF4A539F0421}.Release|Any CPU.Build.0 = Release|Any CPU
		{55F04F40-D263-43F7-ABEA-9110182C8419}.Debug|Any CPU.ActiveCfg = Debug|Any CPU
		{55F04F40-D263-43F7-ABEA-9110182C8419}.Debug|Any CPU.Build.0 = Debug|Any CPU
		{55F04F40-D263-43F7-ABEA-9110182C8419}.Release|Any CPU.ActiveCfg = Release|Any CPU
		{55F04F40-D263-43F7-ABEA-9110182C8419}.Release|Any CPU.Build.0 = Release|Any CPU
		{33125597-8082-4BEC-B3BA-6DD7D7BDAC7B}.Debug|Any CPU.ActiveCfg = Debug|Any CPU
		{33125597-8082-4BEC-B3BA-6DD7D7BDAC7B}.Debug|Any CPU.Build.0 = Debug|Any CPU
		{33125597-8082-4BEC-B3BA-6DD7D7BDAC7B}.Release|Any CPU.ActiveCfg = Release|Any CPU
		{33125597-8082-4BEC-B3BA-6DD7D7BDAC7B}.Release|Any CPU.Build.0 = Release|Any CPU
	EndGlobalSection
	GlobalSection(SolutionProperties) = preSolution
		HideSolutionNode = FALSE
	EndGlobalSection
	GlobalSection(ExtensibilityGlobals) = postSolution
		SolutionGuid = {0F12AEC9-B187-4E80-B351-EECAF7D3A149}
	EndGlobalSection
EndGlobal
